lockfileVersion: 5.3

specifiers:
  '@types/prettier': 2.6.3
  prettier: 2.7.1

devDependencies:
  '@types/prettier': 2.6.3
  prettier: 2.7.1

packages:

  /@types/prettier/2.6.3:
    resolution: {integrity: sha512-ymZk3LEC/fsut+/Q5qejp6R9O1rMxz3XaRHDV6kX8MrGAhOSPqVARbDi+EZvInBpw+BnCX3TD240byVkOfQsHg==}
    dev: true

  /prettier/2.7.1:
    resolution: {integrity: sha512-ujppO+MkdPqoVINuDFDRLClm7D78qbDt0/NR+wp5FqEZOoTNAjPHWj17QRhu7geIHJfcNhRk1XVQmF8Bp3ye+g==}
    engines: {node: '>=10.13.0'}
    hasBin: true
    dev: true
